
Microsoft Visual Studio Solution File, Format Version 12.00
# Visual Studio 15
VisualStudioVersion = 15.0.28307.102
MinimumVisualStudioVersion = 10.0.40219.1
Project("{FAE04EC0-301F-11D3-BF4B-00C04F79EFBC}") = "matjanko.RevitExtension", "matjanko.RevitExtension.csproj", "{0EBC7333-F017-4502-AF91-64E5FCD0245D}"
EndProject
Global
	GlobalSection(SolutionConfigurationPlatforms) = preSolution
		Debug|Any CPU = Debug|Any CPU
		Release|Any CPU = Release|Any CPU
	EndGlobalSection
	GlobalSection(ProjectConfigurationPlatforms) = postSolution
		{0EBC7333-F017-4502-AF91-64E5FCD0245D}.Debug|Any CPU.ActiveCfg = Debug|Any CPU
		{0EBC7333-F017-4502-AF91-64E5FCD0245D}.Debug|Any CPU.Build.0 = Debug|Any CPU
		{0EBC7333-F017-4502-AF91-64E5FCD0245D}.Release|Any CPU.ActiveCfg = Release|Any CPU
		{0EBC7333-F017-4502-AF91-64E5FCD0245D}.Release|Any CPU.Build.0 = Release|Any CPU
	EndGlobalSection
	GlobalSection(SolutionProperties) = preSolution
		HideSolutionNode = FALSE
	EndGlobalSection
	GlobalSection(ExtensibilityGlobals) = postSolution
		SolutionGuid = {54424626-F94E-4620-9C07-1F2567571205}
	EndGlobalSection
EndGlobal
